
Microsoft Visual Studio Solution File, Format Version 12.00
# Visual Studio 2012
Project("{FAE04EC0-301F-11D3-BF4B-00C04F79EFBC}") = "WordsLive.Presentation", "WordsLive.Presentation\WordsLive.Presentation.csproj", "{7103EF3D-12DE-4381-95D4-1A440F0AA1D9}"
EndProject
Project("{FAE04EC0-301F-11D3-BF4B-00C04F79EFBC}") = "WordsLive.Core", "WordsLive.Core\WordsLive.Core.csproj", "{AABDBF78-74B7-40DD-A327-FABF1FA758F8}"
EndProject
Project("{FAE04EC0-301F-11D3-BF4B-00C04F79EFBC}") = "WordsLive", "WordsLive\WordsLive.csproj", "{B2DF371C-DCAE-43FF-817A-34FBC21234D8}"
EndProject
Project("{FAE04EC0-301F-11D3-BF4B-00C04F79EFBC}") = "WordsLive.Presentation.Wpf", "WordsLive.Presentation.Wpf\WordsLive.Presentation.Wpf.csproj", "{5CA13F98-4FCA-4DED-8468-366DD89932BD}"
EndProject
Project("{FAE04EC0-301F-11D3-BF4B-00C04F79EFBC}") = "WordsLive.Slideshow", "WordsLive.Slideshow\WordsLive.Slideshow.csproj", "{8FC44A35-F11F-49EE-B15C-CB400B318447}"
EndProject
Project("{FAE04EC0-301F-11D3-BF4B-00C04F79EFBC}") = "WordsLive.Slideshow.Impress.Bridge", "WordsLive.Slideshow.Impress.Bridge\WordsLive.Slideshow.Impress.Bridge.csproj", "{7B989242-0A40-4E64-B976-751E01810525}"
EndProject
Project("{930C7802-8A8C-48F9-8165-68863BCCD9DD}") = "Installer", "Installer\Installer.wixproj", "{BC64FB21-0D66-46A6-BBB7-0AA9AE432A07}"
	ProjectSection(ProjectDependencies) = postProject
		{8FC44A35-F11F-49EE-B15C-CB400B318447} = {8FC44A35-F11F-49EE-B15C-CB400B318447}
		{7103EF3D-12DE-4381-95D4-1A440F0AA1D9} = {7103EF3D-12DE-4381-95D4-1A440F0AA1D9}
		{7B989242-0A40-4E64-B976-751E01810525} = {7B989242-0A40-4E64-B976-751E01810525}
		{AABDBF78-74B7-40DD-A327-FABF1FA758F8} = {AABDBF78-74B7-40DD-A327-FABF1FA758F8}
		{5CA13F98-4FCA-4DED-8468-366DD89932BD} = {5CA13F98-4FCA-4DED-8468-366DD89932BD}
	EndProjectSection
EndProject
Project("{FAE04EC0-301F-11D3-BF4B-00C04F79EFBC}") = "WordsLive.Core.Tests", "WordsLive.Core.Tests\WordsLive.Core.Tests.csproj", "{EC7B2E3F-F040-4CDA-83CE-F7768C52A77F}"
EndProject
Project("{FAE04EC0-301F-11D3-BF4B-00C04F79EFBC}") = "WordsLive.Server", "WordsLive.Server\WordsLive.Server.csproj", "{D1CBFA7D-BE14-4EE8-8696-81AB6401D195}"
EndProject
Project("{2150E333-8FDC-42A3-9474-1A3956D46DE8}") = ".nuget", ".nuget", "{60EAB165-67EB-49CC-864A-7E520C3F9F17}"
	ProjectSection(SolutionItems) = preProject
		.nuget\NuGet.Config = .nuget\NuGet.Config
		.nuget\NuGet.exe = .nuget\NuGet.exe
		.nuget\NuGet.targets = .nuget\NuGet.targets
	EndProjectSection
EndProject
Global
	GlobalSection(SolutionConfigurationPlatforms) = preSolution
		Debug|Any CPU = Debug|Any CPU
		Debug|Mixed Platforms = Debug|Mixed Platforms
		Debug|x86 = Debug|x86
		Release|Any CPU = Release|Any CPU
		Release|Mixed Platforms = Release|Mixed Platforms
		Release|x86 = Release|x86
	EndGlobalSection
	GlobalSection(ProjectConfigurationPlatforms) = postSolution
		{7103EF3D-12DE-4381-95D4-1A440F0AA1D9}.Debug|Any CPU.ActiveCfg = Debug|x86
		{7103EF3D-12DE-4381-95D4-1A440F0AA1D9}.Debug|Any CPU.Build.0 = Debug|x86
		{7103EF3D-12DE-4381-95D4-1A440F0AA1D9}.Debug|Mixed Platforms.ActiveCfg = Debug|x86
		{7103EF3D-12DE-4381-95D4-1A440F0AA1D9}.Debug|Mixed Platforms.Build.0 = Debug|x86
		{7103EF3D-12DE-4381-95D4-1A440F0AA1D9}.Debug|x86.ActiveCfg = Debug|x86
		{7103EF3D-12DE-4381-95D4-1A440F0AA1D9}.Release|Any CPU.ActiveCfg = Release|x86
		{7103EF3D-12DE-4381-95D4-1A440F0AA1D9}.Release|Any CPU.Build.0 = Release|x86
		{7103EF3D-12DE-4381-95D4-1A440F0AA1D9}.Release|Mixed Platforms.ActiveCfg = Release|x86
		{7103EF3D-12DE-4381-95D4-1A440F0AA1D9}.Release|Mixed Platforms.Build.0 = Release|x86
		{7103EF3D-12DE-4381-95D4-1A440F0AA1D9}.Release|x86.ActiveCfg = Release|x86
		{7103EF3D-12DE-4381-95D4-1A440F0AA1D9}.Release|x86.Build.0 = Release|x86
		{AABDBF78-74B7-40DD-A327-FABF1FA758F8}.Debug|Any CPU.ActiveCfg = Debug|x86
		{AABDBF78-74B7-40DD-A327-FABF1FA758F8}.Debug|Any CPU.Build.0 = Debug|x86
		{AABDBF78-74B7-40DD-A327-FABF1FA758F8}.Debug|Mixed Platforms.ActiveCfg = Debug|x86
		{AABDBF78-74B7-40DD-A327-FABF1FA758F8}.Debug|Mixed Platforms.Build.0 = Debug|x86
		{AABDBF78-74B7-40DD-A327-FABF1FA758F8}.Debug|x86.ActiveCfg = Debug|x86
		{AABDBF78-74B7-40DD-A327-FABF1FA758F8}.Release|Any CPU.ActiveCfg = Release|x86
		{AABDBF78-74B7-40DD-A327-FABF1FA758F8}.Release|Any CPU.Build.0 = Release|x86
		{AABDBF78-74B7-40DD-A327-FABF1FA758F8}.Release|Mixed Platforms.ActiveCfg = Release|x86
		{AABDBF78-74B7-40DD-A327-FABF1FA758F8}.Release|Mixed Platforms.Build.0 = Release|x86
		{AABDBF78-74B7-40DD-A327-FABF1FA758F8}.Release|x86.ActiveCfg = Release|x86
		{AABDBF78-74B7-40DD-A327-FABF1FA758F8}.Release|x86.Build.0 = Release|x86
		{B2DF371C-DCAE-43FF-817A-34FBC21234D8}.Debug|Any CPU.ActiveCfg = Debug|Any CPU
		{B2DF371C-DCAE-43FF-817A-34FBC21234D8}.Debug|Any CPU.Build.0 = Debug|Any CPU
		{B2DF371C-DCAE-43FF-817A-34FBC21234D8}.Debug|Mixed Platforms.ActiveCfg = Debug|Any CPU
		{B2DF371C-DCAE-43FF-817A-34FBC21234D8}.Debug|Mixed Platforms.Build.0 = Debug|Any CPU
		{B2DF371C-DCAE-43FF-817A-34FBC21234D8}.Debug|x86.ActiveCfg = Debug|Any CPU
		{B2DF371C-DCAE-43FF-817A-34FBC21234D8}.Release|Any CPU.ActiveCfg = Release|Any CPU
		{B2DF371C-DCAE-43FF-817A-34FBC21234D8}.Release|Any CPU.Build.0 = Release|Any CPU
		{B2DF371C-DCAE-43FF-817A-34FBC21234D8}.Release|Mixed Platforms.ActiveCfg = Release|Any CPU
		{B2DF371C-DCAE-43FF-817A-34FBC21234D8}.Release|Mixed Platforms.Build.0 = Release|Any CPU
		{B2DF371C-DCAE-43FF-817A-34FBC21234D8}.Release|x86.ActiveCfg = Release|Any CPU
		{5CA13F98-4FCA-4DED-8468-366DD89932BD}.Debug|Any CPU.ActiveCfg = Debug|x86
		{5CA13F98-4FCA-4DED-8468-366DD89932BD}.Debug|Any CPU.Build.0 = Debug|x86
		{5CA13F98-4FCA-4DED-8468-366DD89932BD}.Debug|Mixed Platforms.ActiveCfg = Debug|x86
		{5CA13F98-4FCA-4DED-8468-366DD89932BD}.Debug|Mixed Platforms.Build.0 = Debug|x86
		{5CA13F98-4FCA-4DED-8468-366DD89932BD}.Debug|x86.ActiveCfg = Debug|x86
		{5CA13F98-4FCA-4DED-8468-366DD89932BD}.Release|Any CPU.ActiveCfg = Release|x86
		{5CA13F98-4FCA-4DED-8468-366DD89932BD}.Release|Any CPU.Build.0 = Release|x86
		{5CA13F98-4FCA-4DED-8468-366DD89932BD}.Release|Mixed Platforms.ActiveCfg = Release|x86
		{5CA13F98-4FCA-4DED-8468-366DD89932BD}.Release|Mixed Platforms.Build.0 = Release|x86
		{5CA13F98-4FCA-4DED-8468-366DD89932BD}.Release|x86.ActiveCfg = Release|x86
		{5CA13F98-4FCA-4DED-8468-366DD89932BD}.Release|x86.Build.0 = Release|x86
		{8FC44A35-F11F-49EE-B15C-CB400B318447}.Debug|Any CPU.ActiveCfg = Debug|Any CPU
		{8FC44A35-F11F-49EE-B15C-CB400B318447}.Debug|Any CPU.Build.0 = Debug|Any CPU
		{8FC44A35-F11F-49EE-B15C-CB400B318447}.Debug|Mixed Platforms.ActiveCfg = Debug|Any CPU
		{8FC44A35-F11F-49EE-B15C-CB400B318447}.Debug|Mixed Platforms.Build.0 = Debug|Any CPU
		{8FC44A35-F11F-49EE-B15C-CB400B318447}.Debug|x86.ActiveCfg = Debug|Any CPU
		{8FC44A35-F11F-49EE-B15C-CB400B318447}.Release|Any CPU.ActiveCfg = Release|Any CPU
		{8FC44A35-F11F-49EE-B15C-CB400B318447}.Release|Any CPU.Build.0 = Release|Any CPU
		{8FC44A35-F11F-49EE-B15C-CB400B318447}.Release|Mixed Platforms.ActiveCfg = Release|Any CPU
		{8FC44A35-F11F-49EE-B15C-CB400B318447}.Release|Mixed Platforms.Build.0 = Release|Any CPU
		{8FC44A35-F11F-49EE-B15C-CB400B318447}.Release|x86.ActiveCfg = Release|Any CPU
		{7B989242-0A40-4E64-B976-751E01810525}.Debug|Any CPU.ActiveCfg = Debug|Any CPU
		{7B989242-0A40-4E64-B976-751E01810525}.Debug|Any CPU.Build.0 = Debug|Any CPU
		{7B989242-0A40-4E64-B976-751E01810525}.Debug|Mixed Platforms.ActiveCfg = Debug|Any CPU
		{7B989242-0A40-4E64-B976-751E01810525}.Debug|Mixed Platforms.Build.0 = Debug|Any CPU
		{7B989242-0A40-4E64-B976-751E01810525}.Debug|x86.ActiveCfg = Debug|Any CPU
		{7B989242-0A40-4E64-B976-751E01810525}.Release|Any CPU.ActiveCfg = Release|Any CPU
		{7B989242-0A40-4E64-B976-751E01810525}.Release|Any CPU.Build.0 = Release|Any CPU
		{7B989242-0A40-4E64-B976-751E01810525}.Release|Mixed Platforms.ActiveCfg = Release|Any CPU
		{7B989242-0A40-4E64-B976-751E01810525}.Release|Mixed Platforms.Build.0 = Release|Any CPU
		{7B989242-0A40-4E64-B976-751E01810525}.Release|x86.ActiveCfg = Release|Any CPU
		{BC64FB21-0D66-46A6-BBB7-0AA9AE432A07}.Debug|Any CPU.ActiveCfg = Debug|x86
		{BC64FB21-0D66-46A6-BBB7-0AA9AE432A07}.Debug|Mixed Platforms.ActiveCfg = Debug|x86
		{BC64FB21-0D66-46A6-BBB7-0AA9AE432A07}.Debug|Mixed Platforms.Build.0 = Debug|x86
		{BC64FB21-0D66-46A6-BBB7-0AA9AE432A07}.Debug|x86.ActiveCfg = Debug|x86
		{BC64FB21-0D66-46A6-BBB7-0AA9AE432A07}.Debug|x86.Build.0 = Debug|x86
		{BC64FB21-0D66-46A6-BBB7-0AA9AE432A07}.Release|Any CPU.ActiveCfg = Release|x86
		{BC64FB21-0D66-46A6-BBB7-0AA9AE432A07}.Release|Mixed Platforms.ActiveCfg = Release|x86
		{BC64FB21-0D66-46A6-BBB7-0AA9AE432A07}.Release|Mixed Platforms.Build.0 = Release|x86
		{BC64FB21-0D66-46A6-BBB7-0AA9AE432A07}.Release|x86.ActiveCfg = Release|x86
		{BC64FB21-0D66-46A6-BBB7-0AA9AE432A07}.Release|x86.Build.0 = Release|x86
		{EC7B2E3F-F040-4CDA-83CE-F7768C52A77F}.Debug|Any CPU.ActiveCfg = Debug|Any CPU
		{EC7B2E3F-F040-4CDA-83CE-F7768C52A77F}.Debug|Any CPU.Build.0 = Debug|Any CPU
		{EC7B2E3F-F040-4CDA-83CE-F7768C52A77F}.Debug|Mixed Platforms.ActiveCfg = Debug|Any CPU
		{EC7B2E3F-F040-4CDA-83CE-F7768C52A77F}.Debug|Mixed Platforms.Build.0 = Debug|Any CPU
		{EC7B2E3F-F040-4CDA-83CE-F7768C52A77F}.Debug|x86.ActiveCfg = Debug|Any CPU
		{EC7B2E3F-F040-4CDA-83CE-F7768C52A77F}.Release|Any CPU.ActiveCfg = Release|Any CPU
		{EC7B2E3F-F040-4CDA-83CE-F7768C52A77F}.Release|Any CPU.Build.0 = Release|Any CPU
		{EC7B2E3F-F040-4CDA-83CE-F7768C52A77F}.Release|Mixed Platforms.ActiveCfg = Release|Any CPU
		{EC7B2E3F-F040-4CDA-83CE-F7768C52A77F}.Release|Mixed Platforms.Build.0 = Release|Any CPU
		{EC7B2E3F-F040-4CDA-83CE-F7768C52A77F}.Release|x86.ActiveCfg = Release|Any CPU
		{D1CBFA7D-BE14-4EE8-8696-81AB6401D195}.Debug|Any CPU.ActiveCfg = Debug|Any CPU
		{D1CBFA7D-BE14-4EE8-8696-81AB6401D195}.Debug|Any CPU.Build.0 = Debug|Any CPU
		{D1CBFA7D-BE14-4EE8-8696-81AB6401D195}.Debug|Mixed Platforms.ActiveCfg = Debug|Any CPU
		{D1CBFA7D-BE14-4EE8-8696-81AB6401D195}.Debug|Mixed Platforms.Build.0 = Debug|Any CPU
		{D1CBFA7D-BE14-4EE8-8696-81AB6401D195}.Debug|x86.ActiveCfg = Debug|Any CPU
		{D1CBFA7D-BE14-4EE8-8696-81AB6401D195}.Release|Any CPU.ActiveCfg = Release|Any CPU
		{D1CBFA7D-BE14-4EE8-8696-81AB6401D195}.Release|Any CPU.Build.0 = Release|Any CPU
		{D1CBFA7D-BE14-4EE8-8696-81AB6401D195}.Release|Mixed Platforms.ActiveCfg = Release|Any CPU
		{D1CBFA7D-BE14-4EE8-8696-81AB6401D195}.Release|Mixed Platforms.Build.0 = Release|Any CPU
		{D1CBFA7D-BE14-4EE8-8696-81AB6401D195}.Release|x86.ActiveCfg = Release|Any CPU
	EndGlobalSection
	GlobalSection(SolutionProperties) = preSolution
		HideSolutionNode = FALSE
	EndGlobalSection
EndGlobal
